
Microsoft Visual Studio Solution File, Format Version 12.00
# Visual Studio Version 17
VisualStudioVersion = 17.2.32526.322
MinimumVisualStudioVersion = 10.0.40219.1
Project("{FAE04EC0-301F-11D3-BF4B-00C04F79EFBC}") = "MoviesRestApi", "MoviesRestApi.csproj", "{BD7FC22B-F4A4-4B17-AB43-1296AA6CEE3A}"
EndProject
Global
	GlobalSection(SolutionConfigurationPlatforms) = preSolution
		Debug|Any CPU = Debug|Any CPU
		Release|Any CPU = Release|Any CPU
	EndGlobalSection
	GlobalSection(ProjectConfigurationPlatforms) = postSolution
		{BD7FC22B-F4A4-4B17-AB43-1296AA6CEE3A}.Debug|Any CPU.ActiveCfg = Debug|Any CPU
		{BD7FC22B-F4A4-4B17-AB43-1296AA6CEE3A}.Debug|Any CPU.Build.0 = Debug|Any CPU
		{BD7FC22B-F4A4-4B17-AB43-1296AA6CEE3A}.Release|Any CPU.ActiveCfg = Release|Any CPU
		{BD7FC22B-F4A4-4B17-AB43-1296AA6CEE3A}.Release|Any CPU.Build.0 = Release|Any CPU
	EndGlobalSection
	GlobalSection(SolutionProperties) = preSolution
		HideSolutionNode = FALSE
	EndGlobalSection
	GlobalSection(ExtensibilityGlobals) = postSolution
		SolutionGuid = {FC0727FC-6055-46A1-8792-B9E8C56EA268}
	EndGlobalSection
EndGlobal
